# Generated by pub
# See https://dart.dev/tools/pub/glossary#lockfile
packages:
  intracs_application:
    dependency: "direct main"
    description:
      path: "../../inner/application"
      relative: true
    source: path
    version: "1.0.0+1"
  intracs_controllers:
    dependency: "direct main"
    description:
      path: "../../adapter/controllers"
      relative: true
    source: path
    version: "1.0.0+1"
  intracs_datasources:
    dependency: "direct main"
    description:
      path: "../datasources"
      relative: true
    source: path
    version: "1.0.0+1"
  intracs_devices:
    dependency: "direct main"
    description:
      path: "../devices"
      relative: true
    source: path
    version: "1.0.0+1"
  intracs_entities:
    dependency: "direct main"
    description:
      path: "../../inner/entities"
      relative: true
    source: path
    version: "1.0.0+1"
  intracs_gateways:
    dependency: "direct main"
    description:
      path: "../../adapter/gateways"
      relative: true
    source: path
    version: "1.0.0+1"
  intracs_presenters:
    dependency: "direct main"
    description:
      path: "../../adapter/presenters"
      relative: true
    source: path
    version: "1.0.0+1"
sdks:
  dart: ">=2.14.0 <3.0.0"
